PODS:
  - JustTrack (3.0.1)
  - JustTrack/UnitTests (3.0.1)

DEPENDENCIES:
  - JustTrack (from `../`)
  - JustTrack/UnitTests (from `../`)

EXTERNAL SOURCES:
  JustTrack:
    :path: ../

SPEC CHECKSUMS:
  JustTrack: 617d2bef01e01a31c06e3a62d66ac3e630fa2141

PODFILE CHECKSUM: 8c5b852e2668d6fa4aebf9b2383b008b62725672

COCOAPODS: 1.4.0
