PODS:
  - JustTrack (4.1.0)
  - JustTrack/UnitTests (4.1.0)

DEPENDENCIES:
  - JustTrack (from `../`)
  - JustTrack/UnitTests (from `../`)

EXTERNAL SOURCES:
  JustTrack:
    :path: "../"

SPEC CHECKSUMS:
  JustTrack: 4c73189597c020bf4aeebf50bb7a096d69af02d4

PODFILE CHECKSUM: b98c7dfce5ea4469a6b9ea2f4ebd3da3efeb0119

COCOAPODS: 1.8.4
