PODS:
  - JustTrack (3.3.1)
  - JustTrack/UnitTests (3.3.1)

DEPENDENCIES:
  - JustTrack (from `../`)
  - JustTrack/UnitTests (from `../`)

EXTERNAL SOURCES:
  JustTrack:
    :path: "../"

SPEC CHECKSUMS:
  JustTrack: afffb8d140ce077c5d2c013d9c7ae9651bef34f6

PODFILE CHECKSUM: b98c7dfce5ea4469a6b9ea2f4ebd3da3efeb0119

COCOAPODS: 1.8.4
