// !$*UTF8*$!
{
	archiveVersion = 1;
	classes = {
	};
	objectVersion = 46;
	objects = {

/* Begin PBXBuildFile section */
		607FACD61AFB9204008FA782 /* AppDelegate.swift in Sources */ = {isa = PBXBuildFile; fileRef = 607FACD51AFB9204008FA782 /* AppDelegate.swift */; };
		607FACDB1AFB9204008FA782 /* Main.storyboard in Resources */ = {isa = PBXBuildFile; fileRef = 607FACD91AFB9204008FA782 /* Main.storyboard */; };
		607FACDD1AFB9204008FA782 /* Images.xcassets in Resources */ = {isa = PBXBuildFile; fileRef = 607FACDC1AFB9204008FA782 /* Images.xcassets */; };
		607FACE01AFB9204008FA782 /* LaunchScreen.xib in Resources */ = {isa = PBXBuildFile; fileRef = 607FACDE1AFB9204008FA782 /* LaunchScreen.xib */; };
		BC293FF24768D5563A9F3F05 /* Pods_JustTrack_Example.framework in Frameworks */ = {isa = PBXBuildFile; fileRef = 1A30E6EF99EC591C444A8D7B /* Pods_JustTrack_Example.framework */; };
		C8566BEC1E293F8600CC27E3 /* main.swift in Sources */ = {isa = PBXBuildFile; fileRef = C8566BEA1E293F8600CC27E3 /* main.swift */; };
		C8566BED1E293FA100CC27E3 /* JEEventInitAssignTemplate.jet in CopyFiles */ = {isa = PBXBuildFile; fileRef = C8566BE31E293F8600CC27E3 /* JEEventInitAssignTemplate.jet */; };
		C8566BEE1E293FA100CC27E3 /* JEEventInitParam.jet in CopyFiles */ = {isa = PBXBuildFile; fileRef = C8566BE41E293F8600CC27E3 /* JEEventInitParam.jet */; };
		C8566BEF1E293FA100CC27E3 /* JEEventInitTemplate.jet in CopyFiles */ = {isa = PBXBuildFile; fileRef = C8566BE51E293F8600CC27E3 /* JEEventInitTemplate.jet */; };
		C8566BF01E293FA100CC27E3 /* JEEventKeyNameTemplate.jet in CopyFiles */ = {isa = PBXBuildFile; fileRef = C8566BE61E293F8600CC27E3 /* JEEventKeyNameTemplate.jet */; };
		C8566BF11E293FA100CC27E3 /* JEEventKeyVarTemplate.jet in CopyFiles */ = {isa = PBXBuildFile; fileRef = C8566BE71E293F8600CC27E3 /* JEEventKeyVarTemplate.jet */; };
		C8566BF21E293FA100CC27E3 /* JEEventListTemplate.jet in CopyFiles */ = {isa = PBXBuildFile; fileRef = C8566BE81E293F8600CC27E3 /* JEEventListTemplate.jet */; };
		C8566BF31E293FA100CC27E3 /* JEEventTemplate.jet in CopyFiles */ = {isa = PBXBuildFile; fileRef = C8566BE91E293F8600CC27E3 /* JEEventTemplate.jet */; };
		C8C75BEC1E4E0D5B006BC73B /* Events_with_errors.plist in Resources */ = {isa = PBXBuildFile; fileRef = C8C75BEB1E4E0D5B006BC73B /* Events_with_errors.plist */; };
		C8EDCE1E1FB9CBE000296B37 /* ViewController.swift in Sources */ = {isa = PBXBuildFile; fileRef = C8EDCE1D1FB9CBE000296B37 /* ViewController.swift */; };
		E073ABC41D47A414001B8D51 /* Events.plist in Resources */ = {isa = PBXBuildFile; fileRef = E073ABC31D47A414001B8D51 /* Events.plist */; };
		E0CC1EA81D523C8000FD8AF8 /* TrackingEvents.swift in Sources */ = {isa = PBXBuildFile; fileRef = E0CC1EA71D523C8000FD8AF8 /* TrackingEvents.swift */; };
/* End PBXBuildFile section */

/* Begin PBXCopyFilesBuildPhase section */
		E0CC1E9A1D5238F500FD8AF8 /* CopyFiles */ = {
			isa = PBXCopyFilesBuildPhase;
			buildActionMask = 12;
			dstPath = "";
			dstSubfolderSpec = 7;
			files = (
				C8566BED1E293FA100CC27E3 /* JEEventInitAssignTemplate.jet in CopyFiles */,
				C8566BEE1E293FA100CC27E3 /* JEEventInitParam.jet in CopyFiles */,
				C8566BEF1E293FA100CC27E3 /* JEEventInitTemplate.jet in CopyFiles */,
				C8566BF01E293FA100CC27E3 /* JEEventKeyNameTemplate.jet in CopyFiles */,
				C8566BF11E293FA100CC27E3 /* JEEventKeyVarTemplate.jet in CopyFiles */,
				C8566BF21E293FA100CC27E3 /* JEEventListTemplate.jet in CopyFiles */,
				C8566BF31E293FA100CC27E3 /* JEEventTemplate.jet in CopyFiles */,
			);
			runOnlyForDeploymentPostprocessing = 0;
		};
/* End PBXCopyFilesBuildPhase section */

/* Begin PBXFileReference section */
		1A30E6EF99EC591C444A8D7B /* Pods_JustTrack_Example.framework */ = {isa = PBXFileReference; explicitFileType = wrapper.framework; includeInIndex = 0; path = Pods_JustTrack_Example.framework; sourceTree = BUILT_PRODUCTS_DIR; };
		21675A35E21330467F875074 /* Pods.framework */ = {isa = PBXFileReference; explicitFileType = wrapper.framework; includeInIndex = 0; path = Pods.framework; sourceTree = BUILT_PRODUCTS_DIR; };
		273A64F5DDAC33D55C7BE4A3 /* Pods-JustTrack_Tests.release.xcconfig */ = {isa = PBXFileReference; includeInIndex = 1; lastKnownFileType = text.xcconfig; name = "Pods-JustTrack_Tests.release.xcconfig"; path = "Pods/Target Support Files/Pods-JustTrack_Tests/Pods-JustTrack_Tests.release.xcconfig"; sourceTree = "<group>"; };
		4544CED3F31AEB9E0E041E76 /* JustTrack.podspec */ = {isa = PBXFileReference; includeInIndex = 1; lastKnownFileType = text; name = JustTrack.podspec; path = ../JustTrack.podspec; sourceTree = "<group>"; xcLanguageSpecificationIdentifier = xcode.lang.ruby; };
		4ACC5FA321CD52C8330640C9 /* Pods_Example_with_Objective_C.framework */ = {isa = PBXFileReference; explicitFileType = wrapper.framework; includeInIndex = 0; path = Pods_Example_with_Objective_C.framework; sourceTree = BUILT_PRODUCTS_DIR; };
		4CA4E1D9F2BACAD9A21D947C /* Pods-JustTrack_Example_ObjC.debug.xcconfig */ = {isa = PBXFileReference; includeInIndex = 1; lastKnownFileType = text.xcconfig; name = "Pods-JustTrack_Example_ObjC.debug.xcconfig"; path = "Pods/Target Support Files/Pods-JustTrack_Example_ObjC/Pods-JustTrack_Example_ObjC.debug.xcconfig"; sourceTree = "<group>"; };
		587548F5EB6E75F385206CFC /* Pods-JustTrack_Example.debug.xcconfig */ = {isa = PBXFileReference; includeInIndex = 1; lastKnownFileType = text.xcconfig; name = "Pods-JustTrack_Example.debug.xcconfig"; path = "Pods/Target Support Files/Pods-JustTrack_Example/Pods-JustTrack_Example.debug.xcconfig"; sourceTree = "<group>"; };
		607FACD01AFB9204008FA782 /* JustTrack_Example.app */ = {isa = PBXFileReference; explicitFileType = wrapper.application; includeInIndex = 0; path = JustTrack_Example.app; sourceTree = BUILT_PRODUCTS_DIR; };
		607FACD41AFB9204008FA782 /* Info.plist */ = {isa = PBXFileReference; lastKnownFileType = text.plist.xml; path = Info.plist; sourceTree = "<group>"; };
		607FACD51AFB9204008FA782 /* AppDelegate.swift */ = {isa = PBXFileReference; lastKnownFileType = sourcecode.swift; path = AppDelegate.swift; sourceTree = "<group>"; };
		607FACDA1AFB9204008FA782 /* Base */ = {isa = PBXFileReference; lastKnownFileType = file.storyboard; name = Base; path = Base.lproj/Main.storyboard; sourceTree = "<group>"; };
		607FACDC1AFB9204008FA782 /* Images.xcassets */ = {isa = PBXFileReference; lastKnownFileType = folder.assetcatalog; path = Images.xcassets; sourceTree = "<group>"; };
		607FACDF1AFB9204008FA782 /* Base */ = {isa = PBXFileReference; lastKnownFileType = file.xib; name = Base; path = Base.lproj/LaunchScreen.xib; sourceTree = "<group>"; };
		695000F9344F9959D5739C1B /* README.md */ = {isa = PBXFileReference; includeInIndex = 1; lastKnownFileType = net.daringfireball.markdown; name = README.md; path = ../README.md; sourceTree = "<group>"; };
		8BDBAFDA2677AEAF650C3BDC /* Pods-JustTrack_Example_ObjC.release.xcconfig */ = {isa = PBXFileReference; includeInIndex = 1; lastKnownFileType = text.xcconfig; name = "Pods-JustTrack_Example_ObjC.release.xcconfig"; path = "Pods/Target Support Files/Pods-JustTrack_Example_ObjC/Pods-JustTrack_Example_ObjC.release.xcconfig"; sourceTree = "<group>"; };
		92C2380C0281280B47E02DF4 /* Pods-Example with Objective-C.debug.xcconfig */ = {isa = PBXFileReference; includeInIndex = 1; lastKnownFileType = text.xcconfig; name = "Pods-Example with Objective-C.debug.xcconfig"; path = "Pods/Target Support Files/Pods-Example with Objective-C/Pods-Example with Objective-C.debug.xcconfig"; sourceTree = "<group>"; };
		A50CAE54C8FA146A010BACD4 /* LICENSE */ = {isa = PBXFileReference; includeInIndex = 1; lastKnownFileType = text; name = LICENSE; path = ../LICENSE; sourceTree = "<group>"; };
		AA6BCA791E88E0DDE8B9EEE3 /* Pods_JustTrack_Example_ObjC.framework */ = {isa = PBXFileReference; explicitFileType = wrapper.framework; includeInIndex = 0; path = Pods_JustTrack_Example_ObjC.framework; sourceTree = BUILT_PRODUCTS_DIR; };
		BB838AA6D85DC9B92BE0A7C5 /* Pods-JustTrack_Example.release.xcconfig */ = {isa = PBXFileReference; includeInIndex = 1; lastKnownFileType = text.xcconfig; name = "Pods-JustTrack_Example.release.xcconfig"; path = "Pods/Target Support Files/Pods-JustTrack_Example/Pods-JustTrack_Example.release.xcconfig"; sourceTree = "<group>"; };
		C8566BE31E293F8600CC27E3 /* JEEventInitAssignTemplate.jet */ = {isa = PBXFileReference; fileEncoding = 4; lastKnownFileType = text; path = JEEventInitAssignTemplate.jet; sourceTree = "<group>"; };
		C8566BE41E293F8600CC27E3 /* JEEventInitParam.jet */ = {isa = PBXFileReference; fileEncoding = 4; lastKnownFileType = text; path = JEEventInitParam.jet; sourceTree = "<group>"; };
		C8566BE51E293F8600CC27E3 /* JEEventInitTemplate.jet */ = {isa = PBXFileReference; fileEncoding = 4; lastKnownFileType = text; path = JEEventInitTemplate.jet; sourceTree = "<group>"; };
		C8566BE61E293F8600CC27E3 /* JEEventKeyNameTemplate.jet */ = {isa = PBXFileReference; fileEncoding = 4; lastKnownFileType = text; path = JEEventKeyNameTemplate.jet; sourceTree = "<group>"; };
		C8566BE71E293F8600CC27E3 /* JEEventKeyVarTemplate.jet */ = {isa = PBXFileReference; fileEncoding = 4; lastKnownFileType = text; path = JEEventKeyVarTemplate.jet; sourceTree = "<group>"; };
		C8566BE81E293F8600CC27E3 /* JEEventListTemplate.jet */ = {isa = PBXFileReference; fileEncoding = 4; lastKnownFileType = text; path = JEEventListTemplate.jet; sourceTree = "<group>"; };
		C8566BE91E293F8600CC27E3 /* JEEventTemplate.jet */ = {isa = PBXFileReference; fileEncoding = 4; lastKnownFileType = text; path = JEEventTemplate.jet; sourceTree = "<group>"; };
		C8566BEA1E293F8600CC27E3 /* main.swift */ = {isa = PBXFileReference; fileEncoding = 4; lastKnownFileType = sourcecode.swift; path = main.swift; sourceTree = "<group>"; };
		C8566BEB1E293F8600CC27E3 /* test.txt */ = {isa = PBXFileReference; fileEncoding = 4; lastKnownFileType = text; path = test.txt; sourceTree = "<group>"; };
		C8C75BEB1E4E0D5B006BC73B /* Events_with_errors.plist */ = {isa = PBXFileReference; fileEncoding = 4; lastKnownFileType = text.plist.xml; path = Events_with_errors.plist; sourceTree = "<group>"; };
		C8EDCE1D1FB9CBE000296B37 /* ViewController.swift */ = {isa = PBXFileReference; lastKnownFileType = sourcecode.swift; path = ViewController.swift; sourceTree = "<group>"; };
		D21EAF4E4356F3C03D7F5348 /* Pods-Example with Objective-C.release.xcconfig */ = {isa = PBXFileReference; includeInIndex = 1; lastKnownFileType = text.xcconfig; name = "Pods-Example with Objective-C.release.xcconfig"; path = "Pods/Target Support Files/Pods-Example with Objective-C/Pods-Example with Objective-C.release.xcconfig"; sourceTree = "<group>"; };
		D80A28E106E29B09E01D0DAA /* Pods_JustTrack_Example_Tests.framework */ = {isa = PBXFileReference; explicitFileType = wrapper.framework; includeInIndex = 0; path = Pods_JustTrack_Example_Tests.framework; sourceTree = BUILT_PRODUCTS_DIR; };
		E073ABC31D47A414001B8D51 /* Events.plist */ = {isa = PBXFileReference; fileEncoding = 4; lastKnownFileType = text.plist.xml; path = Events.plist; sourceTree = "<group>"; };
		E0766338A23F3EBF348C3F5C /* Pods_JustTrack_Tests.framework */ = {isa = PBXFileReference; explicitFileType = wrapper.framework; includeInIndex = 0; path = Pods_JustTrack_Tests.framework; sourceTree = BUILT_PRODUCTS_DIR; };
		E0CC1E9C1D5238F500FD8AF8 /* EventGenerator */ = {isa = PBXFileReference; explicitFileType = "compiled.mach-o.executable"; includeInIndex = 0; path = EventGenerator; sourceTree = BUILT_PRODUCTS_DIR; };
		E0CC1EA71D523C8000FD8AF8 /* TrackingEvents.swift */ = {isa = PBXFileReference; fileEncoding = 4; lastKnownFileType = sourcecode.swift; path = TrackingEvents.swift; sourceTree = "<group>"; };
		FCF9BF3A2EB6D55D4E1BF401 /* Pods-JustTrack_Tests.debug.xcconfig */ = {isa = PBXFileReference; includeInIndex = 1; lastKnownFileType = text.xcconfig; name = "Pods-JustTrack_Tests.debug.xcconfig"; path = "Pods/Target Support Files/Pods-JustTrack_Tests/Pods-JustTrack_Tests.debug.xcconfig"; sourceTree = "<group>"; };
/* End PBXFileReference section */

/* Begin PBXFrameworksBuildPhase section */
		607FACCD1AFB9204008FA782 /* Frameworks */ = {
			isa = PBXFrameworksBuildPhase;
			buildActionMask = 2147483647;
			files = (
				BC293FF24768D5563A9F3F05 /* Pods_JustTrack_Example.framework in Frameworks */,
			);
			runOnlyForDeploymentPostprocessing = 0;
		};
		E0CC1E991D5238F500FD8AF8 /* Frameworks */ = {
			isa = PBXFrameworksBuildPhase;
			buildActionMask = 2147483647;
			files = (
			);
			runOnlyForDeploymentPostprocessing = 0;
		};
/* End PBXFrameworksBuildPhase section */

/* Begin PBXGroup section */
		607FACC71AFB9204008FA782 = {
			isa = PBXGroup;
			children = (
				C8566BE21E293F8500CC27E3 /* JEEventsGenerator */,
				607FACF51AFB993E008FA782 /* Podspec Metadata */,
				607FACD21AFB9204008FA782 /* Example for JustTrack */,
				607FACD11AFB9204008FA782 /* Products */,
				C7FDF60032E4F6772636D32B /* Frameworks */,
				78EEC4026664FC2BF79F01FB /* Pods */,
			);
			sourceTree = "<group>";
		};
		607FACD11AFB9204008FA782 /* Products */ = {
			isa = PBXGroup;
			children = (
				607FACD01AFB9204008FA782 /* JustTrack_Example.app */,
				E0CC1E9C1D5238F500FD8AF8 /* EventGenerator */,
			);
			name = Products;
			sourceTree = "<group>";
		};
		607FACD21AFB9204008FA782 /* Example for JustTrack */ = {
			isa = PBXGroup;
			children = (
				E073ABC31D47A414001B8D51 /* Events.plist */,
				C8C75BEB1E4E0D5B006BC73B /* Events_with_errors.plist */,
				E0CC1EA71D523C8000FD8AF8 /* TrackingEvents.swift */,
				607FACD51AFB9204008FA782 /* AppDelegate.swift */,
				607FACD91AFB9204008FA782 /* Main.storyboard */,
				C8EDCE1D1FB9CBE000296B37 /* ViewController.swift */,
				607FACDC1AFB9204008FA782 /* Images.xcassets */,
				607FACDE1AFB9204008FA782 /* LaunchScreen.xib */,
				607FACD31AFB9204008FA782 /* Supporting Files */,
			);
			name = "Example for JustTrack";
			path = JustTrack;
			sourceTree = "<group>";
		};
		607FACD31AFB9204008FA782 /* Supporting Files */ = {
			isa = PBXGroup;
			children = (
				607FACD41AFB9204008FA782 /* Info.plist */,
			);
			name = "Supporting Files";
			sourceTree = "<group>";
		};
		607FACF51AFB993E008FA782 /* Podspec Metadata */ = {
			isa = PBXGroup;
			children = (
				4544CED3F31AEB9E0E041E76 /* JustTrack.podspec */,
				695000F9344F9959D5739C1B /* README.md */,
				A50CAE54C8FA146A010BACD4 /* LICENSE */,
			);
			name = "Podspec Metadata";
			sourceTree = "<group>";
		};
		78EEC4026664FC2BF79F01FB /* Pods */ = {
			isa = PBXGroup;
			children = (
				92C2380C0281280B47E02DF4 /* Pods-Example with Objective-C.debug.xcconfig */,
				D21EAF4E4356F3C03D7F5348 /* Pods-Example with Objective-C.release.xcconfig */,
				587548F5EB6E75F385206CFC /* Pods-JustTrack_Example.debug.xcconfig */,
				BB838AA6D85DC9B92BE0A7C5 /* Pods-JustTrack_Example.release.xcconfig */,
				FCF9BF3A2EB6D55D4E1BF401 /* Pods-JustTrack_Tests.debug.xcconfig */,
				273A64F5DDAC33D55C7BE4A3 /* Pods-JustTrack_Tests.release.xcconfig */,
				4CA4E1D9F2BACAD9A21D947C /* Pods-JustTrack_Example_ObjC.debug.xcconfig */,
				8BDBAFDA2677AEAF650C3BDC /* Pods-JustTrack_Example_ObjC.release.xcconfig */,
			);
			name = Pods;
			sourceTree = "<group>";
		};
		C7FDF60032E4F6772636D32B /* Frameworks */ = {
			isa = PBXGroup;
			children = (
				21675A35E21330467F875074 /* Pods.framework */,
				4ACC5FA321CD52C8330640C9 /* Pods_Example_with_Objective_C.framework */,
				1A30E6EF99EC591C444A8D7B /* Pods_JustTrack_Example.framework */,
				E0766338A23F3EBF348C3F5C /* Pods_JustTrack_Tests.framework */,
				AA6BCA791E88E0DDE8B9EEE3 /* Pods_JustTrack_Example_ObjC.framework */,
				D80A28E106E29B09E01D0DAA /* Pods_JustTrack_Example_Tests.framework */,
			);
			name = Frameworks;
			sourceTree = "<group>";
		};
		C8566BE21E293F8500CC27E3 /* JEEventsGenerator */ = {
			isa = PBXGroup;
			children = (
				C8566BE31E293F8600CC27E3 /* JEEventInitAssignTemplate.jet */,
				C8566BE41E293F8600CC27E3 /* JEEventInitParam.jet */,
				C8566BE51E293F8600CC27E3 /* JEEventInitTemplate.jet */,
				C8566BE61E293F8600CC27E3 /* JEEventKeyNameTemplate.jet */,
				C8566BE71E293F8600CC27E3 /* JEEventKeyVarTemplate.jet */,
				C8566BE81E293F8600CC27E3 /* JEEventListTemplate.jet */,
				C8566BE91E293F8600CC27E3 /* JEEventTemplate.jet */,
				C8566BEA1E293F8600CC27E3 /* main.swift */,
				C8566BEB1E293F8600CC27E3 /* test.txt */,
			);
			name = JEEventsGenerator;
			path = ../JustTrack/JEEventsGenerator;
			sourceTree = "<group>";
		};
/* End PBXGroup section */

/* Begin PBXNativeTarget section */
		607FACCF1AFB9204008FA782 /* JustTrack_Example */ = {
			isa = PBXNativeTarget;
			buildConfigurationList = 607FACEF1AFB9204008FA782 /* Build configuration list for PBXNativeTarget "JustTrack_Example" */;
			buildPhases = (
				863B555845909DDBEE319892 /* [CP] Check Pods Manifest.lock */,
				E073ABC51D47BEAC001B8D51 /* [JustTrack] Generate events */,
				607FACCC1AFB9204008FA782 /* Sources */,
				607FACCD1AFB9204008FA782 /* Frameworks */,
				607FACCE1AFB9204008FA782 /* Resources */,
				7B413EB374A95C1B45FB7830 /* [CP] Embed Pods Frameworks */,
			);
			buildRules = (
			);
			dependencies = (
			);
			name = JustTrack_Example;
			productName = JustTrack;
			productReference = 607FACD01AFB9204008FA782 /* JustTrack_Example.app */;
			productType = "com.apple.product-type.application";
		};
		E0CC1E9B1D5238F500FD8AF8 /* EventGenerator */ = {
			isa = PBXNativeTarget;
			buildConfigurationList = E0CC1EA21D5238F500FD8AF8 /* Build configuration list for PBXNativeTarget "EventGenerator" */;
			buildPhases = (
				E0CC1E981D5238F500FD8AF8 /* Sources */,
				E0CC1E991D5238F500FD8AF8 /* Frameworks */,
				E0CC1E9A1D5238F500FD8AF8 /* CopyFiles */,
			);
			buildRules = (
			);
			dependencies = (
			);
			name = EventGenerator;
			productName = JEStructsGenerator;
			productReference = E0CC1E9C1D5238F500FD8AF8 /* EventGenerator */;
			productType = "com.apple.product-type.tool";
		};
/* End PBXNativeTarget section */

/* Begin PBXProject section */
		607FACC81AFB9204008FA782 /* Project object */ = {
			isa = PBXProject;
			attributes = {
				CLASSPREFIX = "";
				LastSwiftUpdateCheck = 0730;
				LastUpgradeCheck = 1020;
				ORGANIZATIONNAME = "JUST EAT";
				TargetAttributes = {
					607FACCF1AFB9204008FA782 = {
						CreatedOnToolsVersion = 6.3.1;
						DevelopmentTeam = ZKPN288GRK;
						LastSwiftMigration = 0910;
					};
					E0CC1E9B1D5238F500FD8AF8 = {
						CreatedOnToolsVersion = 7.3.1;
						LastSwiftMigration = 0800;
					};
				};
			};
			buildConfigurationList = 607FACCB1AFB9204008FA782 /* Build configuration list for PBXProject "JustTrack" */;
			compatibilityVersion = "Xcode 3.2";
			developmentRegion = English;
			hasScannedForEncodings = 0;
			knownRegions = (
				English,
				en,
				Base,
			);
			mainGroup = 607FACC71AFB9204008FA782;
			productRefGroup = 607FACD11AFB9204008FA782 /* Products */;
			projectDirPath = "";
			projectRoot = "";
			targets = (
				607FACCF1AFB9204008FA782 /* JustTrack_Example */,
				E0CC1E9B1D5238F500FD8AF8 /* EventGenerator */,
			);
		};
/* End PBXProject section */

/* Begin PBXResourcesBuildPhase section */
		607FACCE1AFB9204008FA782 /* Resources */ = {
			isa = PBXResourcesBuildPhase;
			buildActionMask = 2147483647;
			files = (
				C8C75BEC1E4E0D5B006BC73B /* Events_with_errors.plist in Resources */,
				607FACDB1AFB9204008FA782 /* Main.storyboard in Resources */,
				607FACE01AFB9204008FA782 /* LaunchScreen.xib in Resources */,
				607FACDD1AFB9204008FA782 /* Images.xcassets in Resources */,
				E073ABC41D47A414001B8D51 /* Events.plist in Resources */,
			);
			runOnlyForDeploymentPostprocessing = 0;
		};
/* End PBXResourcesBuildPhase section */

/* Begin PBXShellScriptBuildPhase section */
		7B413EB374A95C1B45FB7830 /* [CP] Embed Pods Frameworks */ = {
			isa = PBXShellScriptBuildPhase;
			buildActionMask = 2147483647;
			files = (
			);
			inputPaths = (
				"${PODS_ROOT}/Target Support Files/Pods-JustTrack_Example/Pods-JustTrack_Example-frameworks.sh",
				"${BUILT_PRODUCTS_DIR}/JustTrack/JustTrack.framework",
			);
			name = "[CP] Embed Pods Frameworks";
			outputPaths = (
				"${TARGET_BUILD_DIR}/${FRAMEWORKS_FOLDER_PATH}/JustTrack.framework",
			);
			runOnlyForDeploymentPostprocessing = 0;
			shellPath = /bin/sh;
			shellScript = "\"${PODS_ROOT}/Target Support Files/Pods-JustTrack_Example/Pods-JustTrack_Example-frameworks.sh\"\n";
			showEnvVarsInLog = 0;
		};
		863B555845909DDBEE319892 /* [CP] Check Pods Manifest.lock */ = {
			isa = PBXShellScriptBuildPhase;
			buildActionMask = 2147483647;
			files = (
			);
			inputPaths = (
				"${PODS_PODFILE_DIR_PATH}/Podfile.lock",
				"${PODS_ROOT}/Manifest.lock",
			);
			name = "[CP] Check Pods Manifest.lock";
			outputPaths = (
				"$(DERIVED_FILE_DIR)/Pods-JustTrack_Example-checkManifestLockResult.txt",
			);
			runOnlyForDeploymentPostprocessing = 0;
			shellPath = /bin/sh;
			shellScript = "diff \"${PODS_PODFILE_DIR_PATH}/Podfile.lock\" \"${PODS_ROOT}/Manifest.lock\" > /dev/null\nif [ $? != 0 ] ; then\n    # print error to STDERR\n    echo \"error: The sandbox is not in sync with the Podfile.lock. Run 'pod install' or update your CocoaPods installation.\" >&2\n    exit 1\nfi\n# This output is used by Xcode 'outputs' to avoid re-running this script phase.\necho \"SUCCESS\" > \"${SCRIPT_OUTPUT_FILE_0}\"\n";
			showEnvVarsInLog = 0;
		};
		E073ABC51D47BEAC001B8D51 /* [JustTrack] Generate events */ = {
			isa = PBXShellScriptBuildPhase;
			buildActionMask = 2147483647;
			files = (
			);
			inputPaths = (
			);
			name = "[JustTrack] Generate events";
			outputPaths = (
			);
			runOnlyForDeploymentPostprocessing = 0;
			shellPath = /bin/sh;
			shellScript = "xcrun --sdk macosx swift \"${PODS_ROOT}/../../JustTrack/JEEventsGenerator/main.swift\" \"${SRCROOT}/JustTrack/Events.plist\" \"${SRCROOT}/JustTrack/TrackingEvents.swift\"\n";
		};
/* End PBXShellScriptBuildPhase section */

/* Begin PBXSourcesBuildPhase section */
		607FACCC1AFB9204008FA782 /* Sources */ = {
			isa = PBXSourcesBuildPhase;
			buildActionMask = 2147483647;
			files = (
				C8EDCE1E1FB9CBE000296B37 /* ViewController.swift in Sources */,
				607FACD61AFB9204008FA782 /* AppDelegate.swift in Sources */,
				E0CC1EA81D523C8000FD8AF8 /* TrackingEvents.swift in Sources */,
			);
			runOnlyForDeploymentPostprocessing = 0;
		};
		E0CC1E981D5238F500FD8AF8 /* Sources */ = {
			isa = PBXSourcesBuildPhase;
			buildActionMask = 2147483647;
			files = (
				C8566BEC1E293F8600CC27E3 /* main.swift in Sources */,
			);
			runOnlyForDeploymentPostprocessing = 0;
		};
/* End PBXSourcesBuildPhase section */

/* Begin PBXVariantGroup section */
		607FACD91AFB9204008FA782 /* Main.storyboard */ = {
			isa = PBXVariantGroup;
			children = (
				607FACDA1AFB9204008FA782 /* Base */,
			);
			name = Main.storyboard;
			sourceTree = "<group>";
		};
		607FACDE1AFB9204008FA782 /* LaunchScreen.xib */ = {
			isa = PBXVariantGroup;
			children = (
				607FACDF1AFB9204008FA782 /* Base */,
			);
			name = LaunchScreen.xib;
			sourceTree = "<group>";
		};
/* End PBXVariantGroup section */

/* Begin XCBuildConfiguration section */
		607FACED1AFB9204008FA782 /* Debug */ = {
			isa = XCBuildConfiguration;
			buildSettings = {
				ALWAYS_SEARCH_USER_PATHS = NO;
				CLANG_ANALYZER_LOCALIZABILITY_NONLOCALIZED = YES;
				CLANG_CXX_LANGUAGE_STANDARD = "gnu++0x";
				CLANG_CXX_LIBRARY = "libc++";
				CLANG_ENABLE_MODULES = YES;
				CLANG_ENABLE_OBJC_ARC = YES;
				CLANG_WARN_BLOCK_CAPTURE_AUTORELEASING = YES;
				CLANG_WARN_BOOL_CONVERSION = YES;
				CLANG_WARN_COMMA = YES;
				CLANG_WARN_CONSTANT_CONVERSION = YES;
				CLANG_WARN_DEPRECATED_OBJC_IMPLEMENTATIONS = YES;
				CLANG_WARN_DIRECT_OBJC_ISA_USAGE = YES_ERROR;
				CLANG_WARN_EMPTY_BODY = YES;
				CLANG_WARN_ENUM_CONVERSION = YES;
				CLANG_WARN_INFINITE_RECURSION = YES;
				CLANG_WARN_INT_CONVERSION = YES;
				CLANG_WARN_NON_LITERAL_NULL_CONVERSION = YES;
				CLANG_WARN_OBJC_IMPLICIT_RETAIN_SELF = YES;
				CLANG_WARN_OBJC_LITERAL_CONVERSION = YES;
				CLANG_WARN_OBJC_ROOT_CLASS = YES_ERROR;
				CLANG_WARN_RANGE_LOOP_ANALYSIS = YES;
				CLANG_WARN_STRICT_PROTOTYPES = YES;
				CLANG_WARN_SUSPICIOUS_MOVE = YES;
				CLANG_WARN_UNREACHABLE_CODE = YES;
				CLANG_WARN__DUPLICATE_METHOD_MATCH = YES;
				"CODE_SIGN_IDENTITY[sdk=iphoneos*]" = "iPhone Developer";
				COPY_PHASE_STRIP = NO;
				DEBUG_INFORMATION_FORMAT = "dwarf-with-dsym";
				ENABLE_STRICT_OBJC_MSGSEND = YES;
				ENABLE_TESTABILITY = YES;
				GCC_C_LANGUAGE_STANDARD = gnu99;
				GCC_DYNAMIC_NO_PIC = NO;
				GCC_NO_COMMON_BLOCKS = YES;
				GCC_OPTIMIZATION_LEVEL = 0;
				GCC_PREPROCESSOR_DEFINITIONS = (
					"DEBUG=1",
					"$(inherited)",
				);
				GCC_SYMBOLS_PRIVATE_EXTERN = NO;
				GCC_TREAT_WARNINGS_AS_ERRORS = YES;
				GCC_WARN_64_TO_32_BIT_CONVERSION = YES;
				GCC_WARN_ABOUT_RETURN_TYPE = YES_ERROR;
				GCC_WARN_UNDECLARED_SELECTOR = YES;
				GCC_WARN_UNINITIALIZED_AUTOS = YES_AGGRESSIVE;
				GCC_WARN_UNUSED_FUNCTION = YES;
				GCC_WARN_UNUSED_VARIABLE = YES;
				IPHONEOS_DEPLOYMENT_TARGET = 9.0;
				MTL_ENABLE_DEBUG_INFO = YES;
				ONLY_ACTIVE_ARCH = YES;
				SDKROOT = iphoneos;
				SWIFT_OPTIMIZATION_LEVEL = "-Onone";
				SWIFT_TREAT_WARNINGS_AS_ERRORS = YES;
				SWIFT_VERSION = 5.0;
			};
			name = Debug;
		};
		607FACEE1AFB9204008FA782 /* Release */ = {
			isa = XCBuildConfiguration;
			buildSettings = {
				ALWAYS_SEARCH_USER_PATHS = NO;
				CLANG_ANALYZER_LOCALIZABILITY_NONLOCALIZED = YES;
				CLANG_CXX_LANGUAGE_STANDARD = "gnu++0x";
				CLANG_CXX_LIBRARY = "libc++";
				CLANG_ENABLE_MODULES = YES;
				CLANG_ENABLE_OBJC_ARC = YES;
				CLANG_WARN_BLOCK_CAPTURE_AUTORELEASING = YES;
				CLANG_WARN_BOOL_CONVERSION = YES;
				CLANG_WARN_COMMA = YES;
				CLANG_WARN_CONSTANT_CONVERSION = YES;
				CLANG_WARN_DEPRECATED_OBJC_IMPLEMENTATIONS = YES;
				CLANG_WARN_DIRECT_OBJC_ISA_USAGE = YES_ERROR;
				CLANG_WARN_EMPTY_BODY = YES;
				CLANG_WARN_ENUM_CONVERSION = YES;
				CLANG_WARN_INFINITE_RECURSION = YES;
				CLANG_WARN_INT_CONVERSION = YES;
				CLANG_WARN_NON_LITERAL_NULL_CONVERSION = YES;
				CLANG_WARN_OBJC_IMPLICIT_RETAIN_SELF = YES;
				CLANG_WARN_OBJC_LITERAL_CONVERSION = YES;
				CLANG_WARN_OBJC_ROOT_CLASS = YES_ERROR;
				CLANG_WARN_RANGE_LOOP_ANALYSIS = YES;
				CLANG_WARN_STRICT_PROTOTYPES = YES;
				CLANG_WARN_SUSPICIOUS_MOVE = YES;
				CLANG_WARN_UNREACHABLE_CODE = YES;
				CLANG_WARN__DUPLICATE_METHOD_MATCH = YES;
				"CODE_SIGN_IDENTITY[sdk=iphoneos*]" = "iPhone Developer";
				COPY_PHASE_STRIP = NO;
				DEBUG_INFORMATION_FORMAT = "dwarf-with-dsym";
				ENABLE_NS_ASSERTIONS = NO;
				ENABLE_STRICT_OBJC_MSGSEND = YES;
				GCC_C_LANGUAGE_STANDARD = gnu99;
				GCC_NO_COMMON_BLOCKS = YES;
				GCC_TREAT_WARNINGS_AS_ERRORS = YES;
				GCC_WARN_64_TO_32_BIT_CONVERSION = YES;
				GCC_WARN_ABOUT_RETURN_TYPE = YES_ERROR;
				GCC_WARN_UNDECLARED_SELECTOR = YES;
				GCC_WARN_UNINITIALIZED_AUTOS = YES_AGGRESSIVE;
				GCC_WARN_UNUSED_FUNCTION = YES;
				GCC_WARN_UNUSED_VARIABLE = YES;
				IPHONEOS_DEPLOYMENT_TARGET = 9.0;
				MTL_ENABLE_DEBUG_INFO = NO;
				SDKROOT = iphoneos;
				SWIFT_OPTIMIZATION_LEVEL = "-Owholemodule";
				SWIFT_TREAT_WARNINGS_AS_ERRORS = YES;
				SWIFT_VERSION = 5.0;
				VALIDATE_PRODUCT = YES;
			};
			name = Release;
		};
		607FACF01AFB9204008FA782 /* Debug */ = {
			isa = XCBuildConfiguration;
			baseConfigurationReference = 587548F5EB6E75F385206CFC /* Pods-JustTrack_Example.debug.xcconfig */;
			buildSettings = {
				ASSETCATALOG_COMPILER_APPICON_NAME = AppIcon;
				DEVELOPMENT_TEAM = ZKPN288GRK;
				INFOPLIST_FILE = JustTrack/Info.plist;
				LD_RUNPATH_SEARCH_PATHS = "$(inherited) @executable_path/Frameworks";
				MARKETING_VERSION = 2.0.0;
				MODULE_NAME = ExampleApp;
				PRODUCT_BUNDLE_IDENTIFIER = com.justeat.JustTrack;
				PRODUCT_NAME = "$(TARGET_NAME)";
				TARGETED_DEVICE_FAMILY = "1,2";
			};
			name = Debug;
		};
		607FACF11AFB9204008FA782 /* Release */ = {
			isa = XCBuildConfiguration;
			baseConfigurationReference = BB838AA6D85DC9B92BE0A7C5 /* Pods-JustTrack_Example.release.xcconfig */;
			buildSettings = {
				ASSETCATALOG_COMPILER_APPICON_NAME = AppIcon;
				DEVELOPMENT_TEAM = ZKPN288GRK;
				INFOPLIST_FILE = JustTrack/Info.plist;
				LD_RUNPATH_SEARCH_PATHS = "$(inherited) @executable_path/Frameworks";
				MARKETING_VERSION = 2.0.0;
				MODULE_NAME = ExampleApp;
				PRODUCT_BUNDLE_IDENTIFIER = com.justeat.JustTrack;
				PRODUCT_NAME = "$(TARGET_NAME)";
				TARGETED_DEVICE_FAMILY = "1,2";
			};
			name = Release;
		};
		E0CC1EA01D5238F500FD8AF8 /* Debug */ = {
			isa = XCBuildConfiguration;
			buildSettings = {
				CLANG_ANALYZER_NONNULL = YES;
				CODE_SIGN_IDENTITY = "-";
				DEBUG_INFORMATION_FORMAT = dwarf;
				MACOSX_DEPLOYMENT_TARGET = 10.11;
				PRODUCT_NAME = "$(TARGET_NAME)";
				SDKROOT = macosx;
			};
			name = Debug;
		};
		E0CC1EA11D5238F500FD8AF8 /* Release */ = {
			isa = XCBuildConfiguration;
			buildSettings = {
				CLANG_ANALYZER_NONNULL = YES;
				CODE_SIGN_IDENTITY = "-";
				MACOSX_DEPLOYMENT_TARGET = 10.11;
				PRODUCT_NAME = "$(TARGET_NAME)";
				SDKROOT = macosx;
			};
			name = Release;
		};
/* End XCBuildConfiguration section */

/* Begin XCConfigurationList section */
		607FACCB1AFB9204008FA782 /* Build configuration list for PBXProject "JustTrack" */ = {
			isa = XCConfigurationList;
			buildConfigurations = (
				607FACED1AFB9204008FA782 /* Debug */,
				607FACEE1AFB9204008FA782 /* Release */,
			);
			defaultConfigurationIsVisible = 0;
			defaultConfigurationName = Release;
		};
		607FACEF1AFB9204008FA782 /* Build configuration list for PBXNativeTarget "JustTrack_Example" */ = {
			isa = XCConfigurationList;
			buildConfigurations = (
				607FACF01AFB9204008FA782 /* Debug */,
				607FACF11AFB9204008FA782 /* Release */,
			);
			defaultConfigurationIsVisible = 0;
			defaultConfigurationName = Release;
		};
		E0CC1EA21D5238F500FD8AF8 /* Build configuration list for PBXNativeTarget "EventGenerator" */ = {
			isa = XCConfigurationList;
			buildConfigurations = (
				E0CC1EA01D5238F500FD8AF8 /* Debug */,
				E0CC1EA11D5238F500FD8AF8 /* Release */,
			);
			defaultConfigurationIsVisible = 0;
			defaultConfigurationName = Release;
		};
/* End XCConfigurationList section */
	};
	rootObject = 607FACC81AFB9204008FA782 /* Project object */;
}
